{
  "R": {
    "Version": "4.2.0",
    "Repositories": [
      {
        "Name": "CRAN",
        "URL": "https://packagemanager.rstudio.com/cran/latest"
      }
    ]
  },
  "Bioconductor": {
    "Version": "3.15"
  },
  "Packages": {
    "BiocManager": {
      "Package": "BiocManager",
      "Version": "1.30.18",
      "Source": "Repository",
      "Repository": "RSPM",
      "Hash": "b1a93bed5debda5775636086fdca017b",
      "Requirements": []
    },
    "renv": {
      "Package": "renv",
      "Version": "0.15.5",
      "Source": "GitHub",
      "RemoteType": "github",
      "RemoteHost": "api.github.com",
      "RemoteRepo": "renv",
      "RemoteUsername": "rstudio",
      "RemoteRef": "0.15.5",
      "RemoteSha": "085673d756bf39960d4c5cd5a0634a3d5e4e925b",
      "Hash": "7046792f9cd170f5b4c3af8cf21873f4",
      "Requirements": []
    }
  }
}
